{
  "lockfileVersion": 1,
  "configVersion": 1,
  "workspaces": {
    "": {
      "devDependencies": {
        "@bufbuild/buf": "1.71.0",
      },
    },
  },
  "packages": {
    "@bufbuild/buf": ["@bufbuild/buf@1.71.0", "", { "optionalDependencies": { "@bufbuild/buf-darwin-arm64": "1.71.0", "@bufbuild/buf-darwin-x64": "1.71.0", "@bufbuild/buf-linux-aarch64": "1.71.0", "@bufbuild/buf-linux-armv7": "1.71.0", "@bufbuild/buf-linux-x64": "1.71.0", "@bufbuild/buf-win32-arm64": "1.71.0", "@bufbuild/buf-win32-x64": "1.71.0" }, "bin": { "buf": "bin/buf", "protoc-gen-buf-breaking": "bin/protoc-gen-buf-breaking", "protoc-gen-buf-lint": "bin/protoc-gen-buf-lint" } }, "sha512-GDcjBCwLgHT/4nX4YSnYatZ7sDZDpHV6dxQvoT2/P6gKvV23O6hl8NryzLIRKmeau0FRXpQKHVy1dMfnBSpy+w=="],

    "@bufbuild/buf-darwin-arm64": ["@bufbuild/buf-darwin-arm64@1.71.0", "", { "os": "darwin", "cpu": "arm64" }, "sha512-qZ7xZQyen/jOKFPVs3dlN9pMA56PI4YEo3r4/9ixtiH9gyFgfowR31axsocUgXGThjiN8mvOA8WfpG2tvaSvsw=="],

    "@bufbuild/buf-darwin-x64": ["@bufbuild/buf-darwin-x64@1.71.0", "", { "os": "darwin", "cpu": "x64" }, "sha512-2w95pc3X+z06/J66i6uNzA8QPuVOpbPrwyb6tkK0AcJFNvKPVYr4BxVC2koyImrQ3rxY1n9q8qviWMjSvq9fOA=="],

    "@bufbuild/buf-linux-aarch64": ["@bufbuild/buf-linux-aarch64@1.71.0", "", { "os": "linux", "cpu": "arm64" }, "sha512-dwxErryMI3MRwtP/IgfdrqEjiAmVpttGhmO3xihiJIV2EAXt9J5yjzHhEDvnSgQ6nmNjEvO5QczcIaQjZEwF6A=="],

    "@bufbuild/buf-linux-armv7": ["@bufbuild/buf-linux-armv7@1.71.0", "", { "os": "linux", "cpu": "arm" }, "sha512-pfc+Qexm5C59VeRUjVmEvxkCXT5QbMR1R/CUtcSlk+spOFVwna0bSpkqIsky3kkHfzxiNSOsz3iki9/pAVX+CA=="],

    "@bufbuild/buf-linux-x64": ["@bufbuild/buf-linux-x64@1.71.0", "", { "os": "linux", "cpu": "x64" }, "sha512-Y7jLxr3wpMkpQSqZU/MrDmDSCkF4GxvhIL7wnNdSRpkhYAY6TPRHN+5nNgV7jp6mQ0zQSYh0MGxBeMgt/UVdmQ=="],

    "@bufbuild/buf-win32-arm64": ["@bufbuild/buf-win32-arm64@1.71.0", "", { "os": "win32", "cpu": "arm64" }, "sha512-UrxtD99zLE1qImtQC/W3a9cuj0/kB53B1bK38kmCMRFow939FhdZtqTRjbnZWauRi/pzAsjDyPCvnTa2XKT8Cg=="],

    "@bufbuild/buf-win32-x64": ["@bufbuild/buf-win32-x64@1.71.0", "", { "os": "win32", "cpu": "x64" }, "sha512-+npiOimJ7ggeLul3KFwSlOjZnAZYwt3el64dJ3nJQMnui0avyvsRmU02o1bZI5yUnBvhcnTWdEbfRXUnkkVtgQ=="],
  }
}
